
Microsoft Visual Studio Solution File, Format Version 12.00
# Visual Studio 14
VisualStudioVersion = 14.0.24720.0
MinimumVisualStudioVersion = 10.0.40219.1
Project("{FAE04EC0-301F-11D3-BF4B-00C04F79EFBC}") = "TestInjector", "TestInjector\TestInjector.csproj", "{D15B445C-1E0C-4651-85F6-72393753CD4F}"
EndProject
Project("{FAE04EC0-301F-11D3-BF4B-00C04F79EFBC}") = "ITestInjector.Interface", "ITestInjector.Interface\ITestInjector.Interface.csproj", "{267F1787-412D-499E-AB27-85136C72D325}"
EndProject
Project("{FAE04EC0-301F-11D3-BF4B-00C04F79EFBC}") = "TestInjector.Implementation", "TestInjector.Implementation\TestInjector.Implementation.csproj", "{6BDB7F4F-2802-4945-95AF-9662B50EF5BD}"
EndProject
Global
	GlobalSection(SolutionConfigurationPlatforms) = preSolution
		Debug|Any CPU = Debug|Any CPU
		Release|Any CPU = Release|Any CPU
	EndGlobalSection
	GlobalSection(ProjectConfigurationPlatforms) = postSolution
		{D15B445C-1E0C-4651-85F6-72393753CD4F}.Debug|Any CPU.ActiveCfg = Debug|Any CPU
		{D15B445C-1E0C-4651-85F6-72393753CD4F}.Debug|Any CPU.Build.0 = Debug|Any CPU
		{D15B445C-1E0C-4651-85F6-72393753CD4F}.Release|Any CPU.ActiveCfg = Release|Any CPU
		{D15B445C-1E0C-4651-85F6-72393753CD4F}.Release|Any CPU.Build.0 = Release|Any CPU
		{267F1787-412D-499E-AB27-85136C72D325}.Debug|Any CPU.ActiveCfg = Debug|Any CPU
		{267F1787-412D-499E-AB27-85136C72D325}.Debug|Any CPU.Build.0 = Debug|Any CPU
		{267F1787-412D-499E-AB27-85136C72D325}.Release|Any CPU.ActiveCfg = Release|Any CPU
		{267F1787-412D-499E-AB27-85136C72D325}.Release|Any CPU.Build.0 = Release|Any CPU
		{6BDB7F4F-2802-4945-95AF-9662B50EF5BD}.Debug|Any CPU.ActiveCfg = Debug|Any CPU
		{6BDB7F4F-2802-4945-95AF-9662B50EF5BD}.Debug|Any CPU.Build.0 = Debug|Any CPU
		{6BDB7F4F-2802-4945-95AF-9662B50EF5BD}.Release|Any CPU.ActiveCfg = Release|Any CPU
		{6BDB7F4F-2802-4945-95AF-9662B50EF5BD}.Release|Any CPU.Build.0 = Release|Any CPU
	EndGlobalSection
	GlobalSection(SolutionProperties) = preSolution
		HideSolutionNode = FALSE
	EndGlobalSection
EndGlobal
